
Microsoft Visual Studio Solution File, Format Version 12.00
# Visual Studio Version 16
VisualStudioVersion = 16.0.32002.261
MinimumVisualStudioVersion = 10.0.40219.1
Project("{9A19103F-16F7-4668-BE54-9A1E7A4F7556}") = "Cashier", "Cashier\Cashier.csproj", "{E04BEE4F-4BAE-4E4B-91A0-98A93A944129}"
	ProjectSection(ProjectDependencies) = postProject
		{593E2F7C-E394-409C-84CE-235BFD81FB1B} = {593E2F7C-E394-409C-84CE-235BFD81FB1B}
	EndProjectSection
EndProject
Project("{9A19103F-16F7-4668-BE54-9A1E7A4F7556}") = "CashierClient", "CashierClient\CashierClient.csproj", "{593E2F7C-E394-409C-84CE-235BFD81FB1B}"
EndProject
Global
	GlobalSection(SolutionConfigurationPlatforms) = preSolution
		Debug|Any CPU = Debug|Any CPU
		Release|Any CPU = Release|Any CPU
	EndGlobalSection
	GlobalSection(ProjectConfigurationPlatforms) = postSolution
		{E04BEE4F-4BAE-4E4B-91A0-98A93A944129}.Debug|Any CPU.ActiveCfg = Debug|Any CPU
		{E04BEE4F-4BAE-4E4B-91A0-98A93A944129}.Debug|Any CPU.Build.0 = Debug|Any CPU
		{E04BEE4F-4BAE-4E4B-91A0-98A93A944129}.Release|Any CPU.ActiveCfg = Release|Any CPU
		{E04BEE4F-4BAE-4E4B-91A0-98A93A944129}.Release|Any CPU.Build.0 = Release|Any CPU
		{593E2F7C-E394-409C-84CE-235BFD81FB1B}.Debug|Any CPU.ActiveCfg = Debug|Any CPU
		{593E2F7C-E394-409C-84CE-235BFD81FB1B}.Debug|Any CPU.Build.0 = Debug|Any CPU
		{593E2F7C-E394-409C-84CE-235BFD81FB1B}.Release|Any CPU.ActiveCfg = Release|Any CPU
		{593E2F7C-E394-409C-84CE-235BFD81FB1B}.Release|Any CPU.Build.0 = Release|Any CPU
	EndGlobalSection
	GlobalSection(SolutionProperties) = preSolution
		HideSolutionNode = FALSE
	EndGlobalSection
	GlobalSection(ExtensibilityGlobals) = postSolution
		SolutionGuid = {E859B870-3201-4F44-9213-64178FEA65FD}
	EndGlobalSection
EndGlobal
